
Microsoft Visual Studio Solution File, Format Version 12.00
# Visual Studio 15
VisualStudioVersion = 15.0.26730.15
MinimumVisualStudioVersion = 10.0.40219.1
Project("{FAE04EC0-301F-11D3-BF4B-00C04F79EFBC}") = "iSus", "iSus\iSus.csproj", "{2F31B3D1-2B65-4344-88DE-2DAAC4160102}"
EndProject
Global
	GlobalSection(SolutionConfigurationPlatforms) = preSolution
		Debug|Any CPU = Debug|Any CPU
		Release|Any CPU = Release|Any CPU
	EndGlobalSection
	GlobalSection(ProjectConfigurationPlatforms) = postSolution
		{2F31B3D1-2B65-4344-88DE-2DAAC4160102}.Debug|Any CPU.ActiveCfg = Debug|Any CPU
		{2F31B3D1-2B65-4344-88DE-2DAAC4160102}.Debug|Any CPU.Build.0 = Debug|Any CPU
		{2F31B3D1-2B65-4344-88DE-2DAAC4160102}.Release|Any CPU.ActiveCfg = Release|Any CPU
		{2F31B3D1-2B65-4344-88DE-2DAAC4160102}.Release|Any CPU.Build.0 = Release|Any CPU
	EndGlobalSection
	GlobalSection(SolutionProperties) = preSolution
		HideSolutionNode = FALSE
	EndGlobalSection
	GlobalSection(ExtensibilityGlobals) = postSolution
		SolutionGuid = {D0391D01-A8CC-48C0-A8AB-F500C770403E}
	EndGlobalSection
EndGlobal
